{
  "name": ".kilocode",
  "lockfileVersion": 3,
  "requires": true,
  "packages": {
    "": {
      "dependencies": {
        "@kilocode/plugin": "7.1.11"
      }
    },
    "node_modules/@kilocode/plugin": {
      "version": "7.1.11",
      "resolved": "https://registry.npmjs.org/@kilocode/plugin/-/plugin-7.1.11.tgz",
      "integrity": "sha512-nAz7Vok7/GP+iuL/OxaUmeGTxJksxxRjdsmj26EdNOzwaG0x8N5LqZC19dfxSZUqK8KRixxByZpzyjtnNPWDrA==",
      "license": "MIT",
      "dependencies": {
        "@kilocode/sdk": "7.1.11",
        "zod": "4.1.8"
      }
    },
    "node_modules/@kilocode/sdk": {
      "version": "7.1.11",
      "resolved": "https://registry.npmjs.org/@kilocode/sdk/-/sdk-7.1.11.tgz",
      "integrity": "sha512-ZebBy/M77eY3GI7/SmkNaDX9gjkCHG9w/lE0qH3wkmlEb6t2XuR2BBNvusLLmb876rPoNj6KZ6Gu4PLLMzNCKw==",
      "license": "MIT"
    },
    "node_modules/zod": {
      "version": "4.1.8",
      "license": "MIT",
      "funding": {
        "url": "https://github.com/sponsors/colinhacks"
      }
    }
  }
}
